
Microsoft Visual Studio Solution File, Format Version 12.00
# Visual Studio Version 17
VisualStudioVersion = 17.3.32819.101
MinimumVisualStudioVersion = 10.0.40219.1
Project("{FAE04EC0-301F-11D3-BF4B-00C04F79EFBC}") = "Caja Sistema bancario", "Caja Sistema bancario.csproj", "{875623EC-0AFC-4C37-8B63-8A7EE89CA8A5}"
EndProject
Global
	GlobalSection(SolutionConfigurationPlatforms) = preSolution
		Debug|Any CPU = Debug|Any CPU
		Release|Any CPU = Release|Any CPU
	EndGlobalSection
	GlobalSection(ProjectConfigurationPlatforms) = postSolution
		{875623EC-0AFC-4C37-8B63-8A7EE89CA8A5}.Debug|Any CPU.ActiveCfg = Debug|Any CPU
		{875623EC-0AFC-4C37-8B63-8A7EE89CA8A5}.Debug|Any CPU.Build.0 = Debug|Any CPU
		{875623EC-0AFC-4C37-8B63-8A7EE89CA8A5}.Release|Any CPU.ActiveCfg = Release|Any CPU
		{875623EC-0AFC-4C37-8B63-8A7EE89CA8A5}.Release|Any CPU.Build.0 = Release|Any CPU
	EndGlobalSection
	GlobalSection(SolutionProperties) = preSolution
		HideSolutionNode = FALSE
	EndGlobalSection
	GlobalSection(ExtensibilityGlobals) = postSolution
		SolutionGuid = {C9C80A0D-CD73-4312-A76A-73949D880E18}
	EndGlobalSection
EndGlobal
